{
  "generated": "2026-05-25T14:01:20.819Z",
  "grammars": [
    {
      "file": "tree-sitter-rust.wasm",
      "source": "npm",
      "package": "tree-sitter-rust",
      "version": "0.24.0",
      "sha256": "f65f354215611fd94ad34134b3427eb3d58cbb745df7b6509ba722184db73d57"
    },
    {
      "file": "tree-sitter-kotlin.wasm",
      "source": "github",
      "package": "fwcd/tree-sitter-kotlin",
      "version": "0.3.8",
      "sha256": "c624e7443b371c28adc5d81674e73067564c12555ebe3ed96a6c8db814b7602d"
    },
    {
      "file": "tree-sitter-java.wasm",
      "source": "npm",
      "package": "tree-sitter-java",
      "version": "0.23.5",
      "sha256": "4fdeac4ca6ca089f06c6f7e562abcac1733cd465728cc7031ebb73c2019122c4"
    },
    {
      "file": "tree-sitter-c.wasm",
      "source": "npm",
      "package": "tree-sitter-c",
      "version": "0.24.1",
      "sha256": "c852c2a85ebf2beb636aa3b0ef7f7e70458684d74f6741b20dcb296885bed9f9"
    },
    {
      "file": "tree-sitter-cpp.wasm",
      "source": "npm",
      "package": "tree-sitter-cpp",
      "version": "0.23.4",
      "sha256": "174eb0deb75b2ec7881bcacda9f995648d8e683956e5c2267e69ab6dc503fcbf"
    },
    {
      "file": "tree-sitter-typescript.wasm",
      "source": "npm",
      "package": "tree-sitter-typescript",
      "version": "0.23.2",
      "sha256": "778025db5a8be0e70f8ccc3671e486dfeddd048c25d9e8a70c26de2e1bf6f97d"
    },
    {
      "file": "tree-sitter-tsx.wasm",
      "source": "npm",
      "package": "tree-sitter-typescript",
      "version": "0.23.2",
      "sha256": "79e5da75ea62855a0cd67177685f0164eac87d5f630b3cbe1e0a099751ad30f8"
    },
    {
      "file": "tree-sitter-javascript.wasm",
      "source": "npm",
      "package": "tree-sitter-javascript",
      "version": "0.23.1",
      "sha256": "4a378293fe7853cbee2836023be072dafa0e53b3b5edb245920838ca834ed121"
    },
    {
      "file": "tree-sitter-c-sharp.wasm",
      "source": "npm",
      "package": "tree-sitter-c-sharp",
      "version": "0.23.1",
      "sha256": "d7fe0bf8e8b8d26b2b253f375e3c43386b332d23f7b7b3e15d49fff180fe46e3"
    }
  ]
}
